
Microsoft Visual Studio Solution File, Format Version 12.00
# Visual Studio Version 16
VisualStudioVersion = 16.0.29418.71
MinimumVisualStudioVersion = 10.0.40219.1
Project("{FAE04EC0-301F-11D3-BF4B-00C04F79EFBC}") = "ML", "ML\ML.csproj", "{DA62CCEB-BF76-4D78-8ECD-8766AEF60C4C}"
EndProject
Global
	GlobalSection(SolutionConfigurationPlatforms) = preSolution
		Debug|Any CPU = Debug|Any CPU
		Release|Any CPU = Release|Any CPU
	EndGlobalSection
	GlobalSection(ProjectConfigurationPlatforms) = postSolution
		{DA62CCEB-BF76-4D78-8ECD-8766AEF60C4C}.Debug|Any CPU.ActiveCfg = Debug|Any CPU
		{DA62CCEB-BF76-4D78-8ECD-8766AEF60C4C}.Debug|Any CPU.Build.0 = Debug|Any CPU
		{DA62CCEB-BF76-4D78-8ECD-8766AEF60C4C}.Release|Any CPU.ActiveCfg = Release|Any CPU
		{DA62CCEB-BF76-4D78-8ECD-8766AEF60C4C}.Release|Any CPU.Build.0 = Release|Any CPU
	EndGlobalSection
	GlobalSection(SolutionProperties) = preSolution
		HideSolutionNode = FALSE
	EndGlobalSection
	GlobalSection(ExtensibilityGlobals) = postSolution
		SolutionGuid = {DE348858-9377-48F5-958F-6AE813C9BAD4}
	EndGlobalSection
EndGlobal
